
Microsoft Visual Studio Solution File, Format Version 12.00
# Visual Studio 15
VisualStudioVersion = 15.0.27428.2027
MinimumVisualStudioVersion = 10.0.40219.1
Project("{FAE04EC0-301F-11D3-BF4B-00C04F79EFBC}") = "Ludo.Library", "Ludo.Library\Ludo.Library.csproj", "{041859D9-11F1-4834-A35B-A4F8794AA1C3}"
EndProject
Project("{FAE04EC0-301F-11D3-BF4B-00C04F79EFBC}") = "Ludo", "Ludo\Ludo.csproj", "{2CA0054B-2A2C-4EB6-8DCA-F9846DBCA167}"
EndProject
Global
	GlobalSection(SolutionConfigurationPlatforms) = preSolution
		Debug|Any CPU = Debug|Any CPU
		Release|Any CPU = Release|Any CPU
	EndGlobalSection
	GlobalSection(ProjectConfigurationPlatforms) = postSolution
		{041859D9-11F1-4834-A35B-A4F8794AA1C3}.Debug|Any CPU.ActiveCfg = Debug|Any CPU
		{041859D9-11F1-4834-A35B-A4F8794AA1C3}.Debug|Any CPU.Build.0 = Debug|Any CPU
		{041859D9-11F1-4834-A35B-A4F8794AA1C3}.Release|Any CPU.ActiveCfg = Release|Any CPU
		{041859D9-11F1-4834-A35B-A4F8794AA1C3}.Release|Any CPU.Build.0 = Release|Any CPU
		{2CA0054B-2A2C-4EB6-8DCA-F9846DBCA167}.Debug|Any CPU.ActiveCfg = Debug|Any CPU
		{2CA0054B-2A2C-4EB6-8DCA-F9846DBCA167}.Debug|Any CPU.Build.0 = Debug|Any CPU
		{2CA0054B-2A2C-4EB6-8DCA-F9846DBCA167}.Release|Any CPU.ActiveCfg = Release|Any CPU
		{2CA0054B-2A2C-4EB6-8DCA-F9846DBCA167}.Release|Any CPU.Build.0 = Release|Any CPU
	EndGlobalSection
	GlobalSection(SolutionProperties) = preSolution
		HideSolutionNode = FALSE
	EndGlobalSection
	GlobalSection(ExtensibilityGlobals) = postSolution
		SolutionGuid = {6A2D3EFE-3364-4210-8845-87E744C102B6}
	EndGlobalSection
EndGlobal
